
Microsoft Visual Studio Solution File, Format Version 12.00
# Visual Studio 15
VisualStudioVersion = 15.0.28307.271
MinimumVisualStudioVersion = 10.0.40219.1
Project("{FAE04EC0-301F-11D3-BF4B-00C04F79EFBC}") = "GSlot.Model", "GSlot.Model\GSlot.Model.csproj", "{6C4B821A-A68D-4020-B24A-03584653283E}"
EndProject
Project("{FAE04EC0-301F-11D3-BF4B-00C04F79EFBC}") = "GSlot.Logic", "GSlot.Logic\GSlot.Logic.csproj", "{0E25892C-68DA-410B-9D8A-4FBDE9173C70}"
EndProject
Project("{FAE04EC0-301F-11D3-BF4B-00C04F79EFBC}") = "GSlot.Common", "GSlot.Common\GSlot.Common.csproj", "{04B1705C-D441-440E-8581-044FC4892057}"
EndProject
Global
	GlobalSection(SolutionConfigurationPlatforms) = preSolution
		Debug|Any CPU = Debug|Any CPU
		Release|Any CPU = Release|Any CPU
	EndGlobalSection
	GlobalSection(ProjectConfigurationPlatforms) = postSolution
		{6C4B821A-A68D-4020-B24A-03584653283E}.Debug|Any CPU.ActiveCfg = Debug|Any CPU
		{6C4B821A-A68D-4020-B24A-03584653283E}.Debug|Any CPU.Build.0 = Debug|Any CPU
		{6C4B821A-A68D-4020-B24A-03584653283E}.Release|Any CPU.ActiveCfg = Release|Any CPU
		{6C4B821A-A68D-4020-B24A-03584653283E}.Release|Any CPU.Build.0 = Release|Any CPU
		{0E25892C-68DA-410B-9D8A-4FBDE9173C70}.Debug|Any CPU.ActiveCfg = Debug|Any CPU
		{0E25892C-68DA-410B-9D8A-4FBDE9173C70}.Debug|Any CPU.Build.0 = Debug|Any CPU
		{0E25892C-68DA-410B-9D8A-4FBDE9173C70}.Release|Any CPU.ActiveCfg = Release|Any CPU
		{0E25892C-68DA-410B-9D8A-4FBDE9173C70}.Release|Any CPU.Build.0 = Release|Any CPU
		{04B1705C-D441-440E-8581-044FC4892057}.Debug|Any CPU.ActiveCfg = Debug|Any CPU
		{04B1705C-D441-440E-8581-044FC4892057}.Debug|Any CPU.Build.0 = Debug|Any CPU
		{04B1705C-D441-440E-8581-044FC4892057}.Release|Any CPU.ActiveCfg = Release|Any CPU
		{04B1705C-D441-440E-8581-044FC4892057}.Release|Any CPU.Build.0 = Release|Any CPU
	EndGlobalSection
	GlobalSection(SolutionProperties) = preSolution
		HideSolutionNode = FALSE
	EndGlobalSection
	GlobalSection(ExtensibilityGlobals) = postSolution
		SolutionGuid = {DBAC0B8F-F1E3-4B43-AD6A-ED087D5F57B0}
	EndGlobalSection
EndGlobal
